// !$*UTF8*$!
{
	archiveVersion = 1;
	classes = {
	};
	objectVersion = 56;
	objects = {

/* Begin PBXBuildFile section */
		3DD5307E29D871F200853761 /* SwiftUITemplateApp.swift in Sources */ = {isa = PBXBuildFile; fileRef = 3DD5307D29D871F200853761 /* SwiftUITemplateApp.swift */; };
		3DD5308029D871F200853761 /* ContentView.swift in Sources */ = {isa = PBXBuildFile; fileRef = 3DD5307F29D871F200853761 /* ContentView.swift */; };
		3DD5308229D871F300853761 /* Assets.xcassets in Resources */ = {isa = PBXBuildFile; fileRef = 3DD5308129D871F300853761 /* Assets.xcassets */; };
		3DD5308529D871F300853761 /* Preview Assets.xcassets in Resources */ = {isa = PBXBuildFile; fileRef = 3DD5308429D871F300853761 /* Preview Assets.xcassets */; };
		3DD5308F29D871F300853761 /* SwiftUITemplateTests.swift in Sources */ = {isa = PBXBuildFile; fileRef = 3DD5308E29D871F300853761 /* SwiftUITemplateTests.swift */; };
		3DD5309929D871F300853761 /* SwiftUITemplateUITests.swift in Sources */ = {isa = PBXBuildFile; fileRef = 3DD5309829D871F300853761 /* SwiftUITemplateUITests.swift */; };
		3DD5309B29D871F300853761 /* SwiftUITemplateUITestsLaunchTests.swift in Sources */ = {isa = PBXBuildFile; fileRef = 3DD5309A29D871F300853761 /* SwiftUITemplateUITestsLaunchTests.swift */; };
		3DD530AD29D8734500853761 /* prebuild.sh in Resources */ = {isa = PBXBuildFile; fileRef = 3DD530AC29D8734500853761 /* prebuild.sh */; };
		3DD530B129D8740200853761 /* Localizable.strings in Resources */ = {isa = PBXBuildFile; fileRef = 3DD530B329D8740200853761 /* Localizable.strings */; };
		3DD530BF29D8766E00853761 /* Strings.swift in Sources */ = {isa = PBXBuildFile; fileRef = 3DD530BA29D8766E00853761 /* Strings.swift */; };
		3DD530C029D8766E00853761 /* Strings.swift in Sources */ = {isa = PBXBuildFile; fileRef = 3DD530BA29D8766E00853761 /* Strings.swift */; };
		3DD530C129D8766E00853761 /* Strings.swift in Sources */ = {isa = PBXBuildFile; fileRef = 3DD530BA29D8766E00853761 /* Strings.swift */; };
		3DD530C229D8766E00853761 /* Assets.swift in Sources */ = {isa = PBXBuildFile; fileRef = 3DD530BB29D8766E00853761 /* Assets.swift */; };
		3DD530C329D8766E00853761 /* Assets.swift in Sources */ = {isa = PBXBuildFile; fileRef = 3DD530BB29D8766E00853761 /* Assets.swift */; };
		3DD530C429D8766E00853761 /* Assets.swift in Sources */ = {isa = PBXBuildFile; fileRef = 3DD530BB29D8766E00853761 /* Assets.swift */; };
		3DD530C529D8766E00853761 /* Assets.stencil in Resources */ = {isa = PBXBuildFile; fileRef = 3DD530BD29D8766E00853761 /* Assets.stencil */; };
		3DD530C629D8766E00853761 /* Assets.stencil in Resources */ = {isa = PBXBuildFile; fileRef = 3DD530BD29D8766E00853761 /* Assets.stencil */; };
		3DD530C729D8766E00853761 /* Assets.stencil in Resources */ = {isa = PBXBuildFile; fileRef = 3DD530BD29D8766E00853761 /* Assets.stencil */; };
		3DD530C829D8766E00853761 /* Strings.stencil in Resources */ = {isa = PBXBuildFile; fileRef = 3DD530BE29D8766E00853761 /* Strings.stencil */; };
		3DD530C929D8766E00853761 /* Strings.stencil in Resources */ = {isa = PBXBuildFile; fileRef = 3DD530BE29D8766E00853761 /* Strings.stencil */; };
		3DD530CA29D8766E00853761 /* Strings.stencil in Resources */ = {isa = PBXBuildFile; fileRef = 3DD530BE29D8766E00853761 /* Strings.stencil */; };
		3DD530CC29D8782A00853761 /* .swiftlint.yml in Resources */ = {isa = PBXBuildFile; fileRef = 3DD530CB29D8782A00853761 /* .swiftlint.yml */; };
		3DD530CD29D8782A00853761 /* .swiftlint.yml in Resources */ = {isa = PBXBuildFile; fileRef = 3DD530CB29D8782A00853761 /* .swiftlint.yml */; };
		3DD530CE29D8782A00853761 /* .swiftlint.yml in Resources */ = {isa = PBXBuildFile; fileRef = 3DD530CB29D8782A00853761 /* .swiftlint.yml */; };
		3DD530D029D8783B00853761 /* .gitignore in Resources */ = {isa = PBXBuildFile; fileRef = 3DD530CF29D8783B00853761 /* .gitignore */; };
		3DD530D129D8783B00853761 /* .gitignore in Resources */ = {isa = PBXBuildFile; fileRef = 3DD530CF29D8783B00853761 /* .gitignore */; };
		3DD530D229D8783B00853761 /* .gitignore in Resources */ = {isa = PBXBuildFile; fileRef = 3DD530CF29D8783B00853761 /* .gitignore */; };
/* End PBXBuildFile section */

/* Begin PBXContainerItemProxy section */
		3DD5308B29D871F300853761 /* PBXContainerItemProxy */ = {
			isa = PBXContainerItemProxy;
			containerPortal = 3DD5307229D871F200853761 /* Project object */;
			proxyType = 1;
			remoteGlobalIDString = 3DD5307929D871F200853761;
			remoteInfo = SwiftUITemplate;
		};
		3DD5309529D871F300853761 /* PBXContainerItemProxy */ = {
			isa = PBXContainerItemProxy;
			containerPortal = 3DD5307229D871F200853761 /* Project object */;
			proxyType = 1;
			remoteGlobalIDString = 3DD5307929D871F200853761;
			remoteInfo = SwiftUITemplate;
		};
/* End PBXContainerItemProxy section */

/* Begin PBXFileReference section */
		3DD5307A29D871F200853761 /* SwiftUITemplate.app */ = {isa = PBXFileReference; explicitFileType = wrapper.application; includeInIndex = 0; path = SwiftUITemplate.app; sourceTree = BUILT_PRODUCTS_DIR; };
		3DD5307D29D871F200853761 /* SwiftUITemplateApp.swift */ = {isa = PBXFileReference; lastKnownFileType = sourcecode.swift; path = SwiftUITemplateApp.swift; sourceTree = "<group>"; };
		3DD5307F29D871F200853761 /* ContentView.swift */ = {isa = PBXFileReference; lastKnownFileType = sourcecode.swift; path = ContentView.swift; sourceTree = "<group>"; };
		3DD5308129D871F300853761 /* Assets.xcassets */ = {isa = PBXFileReference; lastKnownFileType = folder.assetcatalog; path = Assets.xcassets; sourceTree = "<group>"; };
		3DD5308429D871F300853761 /* Preview Assets.xcassets */ = {isa = PBXFileReference; lastKnownFileType = folder.assetcatalog; path = "Preview Assets.xcassets"; sourceTree = "<group>"; };
		3DD5308A29D871F300853761 /* SwiftUITemplateTests.xctest */ = {isa = PBXFileReference; explicitFileType = wrapper.cfbundle; includeInIndex = 0; path = SwiftUITemplateTests.xctest; sourceTree = BUILT_PRODUCTS_DIR; };
		3DD5308E29D871F300853761 /* SwiftUITemplateTests.swift */ = {isa = PBXFileReference; lastKnownFileType = sourcecode.swift; path = SwiftUITemplateTests.swift; sourceTree = "<group>"; };
		3DD5309429D871F300853761 /* SwiftUITemplateUITests.xctest */ = {isa = PBXFileReference; explicitFileType = wrapper.cfbundle; includeInIndex = 0; path = SwiftUITemplateUITests.xctest; sourceTree = BUILT_PRODUCTS_DIR; };
		3DD5309829D871F300853761 /* SwiftUITemplateUITests.swift */ = {isa = PBXFileReference; lastKnownFileType = sourcecode.swift; path = SwiftUITemplateUITests.swift; sourceTree = "<group>"; };
		3DD5309A29D871F300853761 /* SwiftUITemplateUITestsLaunchTests.swift */ = {isa = PBXFileReference; lastKnownFileType = sourcecode.swift; path = SwiftUITemplateUITestsLaunchTests.swift; sourceTree = "<group>"; };
		3DD530AC29D8734500853761 /* prebuild.sh */ = {isa = PBXFileReference; fileEncoding = 4; lastKnownFileType = text.script.sh; path = prebuild.sh; sourceTree = SOURCE_ROOT; };
		3DD530B229D8740200853761 /* en */ = {isa = PBXFileReference; lastKnownFileType = text.plist.strings; name = en; path = en.lproj/Localizable.strings; sourceTree = "<group>"; };
		3DD530B429D8741200853761 /* pl */ = {isa = PBXFileReference; lastKnownFileType = text.plist.strings; name = pl; path = pl.lproj/Localizable.strings; sourceTree = "<group>"; };
		3DD530BA29D8766E00853761 /* Strings.swift */ = {isa = PBXFileReference; fileEncoding = 4; lastKnownFileType = sourcecode.swift; path = Strings.swift; sourceTree = "<group>"; };
		3DD530BB29D8766E00853761 /* Assets.swift */ = {isa = PBXFileReference; fileEncoding = 4; lastKnownFileType = sourcecode.swift; path = Assets.swift; sourceTree = "<group>"; };
		3DD530BD29D8766E00853761 /* Assets.stencil */ = {isa = PBXFileReference; fileEncoding = 4; lastKnownFileType = text; path = Assets.stencil; sourceTree = "<group>"; };
		3DD530BE29D8766E00853761 /* Strings.stencil */ = {isa = PBXFileReference; fileEncoding = 4; lastKnownFileType = text; path = Strings.stencil; sourceTree = "<group>"; };
		3DD530CB29D8782A00853761 /* .swiftlint.yml */ = {isa = PBXFileReference; fileEncoding = 4; lastKnownFileType = text.yaml; path = .swiftlint.yml; sourceTree = SOURCE_ROOT; };
		3DD530CF29D8783B00853761 /* .gitignore */ = {isa = PBXFileReference; fileEncoding = 4; lastKnownFileType = text; path = .gitignore; sourceTree = SOURCE_ROOT; };
/* End PBXFileReference section */

/* Begin PBXFrameworksBuildPhase section */
		3DD5307729D871F200853761 /* Frameworks */ = {
			isa = PBXFrameworksBuildPhase;
			buildActionMask = 2147483647;
			files = (
			);
			runOnlyForDeploymentPostprocessing = 0;
		};
		3DD5308729D871F300853761 /* Frameworks */ = {
			isa = PBXFrameworksBuildPhase;
			buildActionMask = 2147483647;
			files = (
			);
			runOnlyForDeploymentPostprocessing = 0;
		};
		3DD5309129D871F300853761 /* Frameworks */ = {
			isa = PBXFrameworksBuildPhase;
			buildActionMask = 2147483647;
			files = (
			);
			runOnlyForDeploymentPostprocessing = 0;
		};
/* End PBXFrameworksBuildPhase section */

/* Begin PBXGroup section */
		3DD5307129D871F200853761 = {
			isa = PBXGroup;
			children = (
				3DD5307C29D871F200853761 /* SwiftUITemplate */,
				3DD5308D29D871F300853761 /* SwiftUITemplateTests */,
				3DD5309729D871F300853761 /* SwiftUITemplateUITests */,
				3DD5307B29D871F200853761 /* Products */,
			);
			sourceTree = "<group>";
		};
		3DD5307B29D871F200853761 /* Products */ = {
			isa = PBXGroup;
			children = (
				3DD5307A29D871F200853761 /* SwiftUITemplate.app */,
				3DD5308A29D871F300853761 /* SwiftUITemplateTests.xctest */,
				3DD5309429D871F300853761 /* SwiftUITemplateUITests.xctest */,
			);
			name = Products;
			sourceTree = "<group>";
		};
		3DD5307C29D871F200853761 /* SwiftUITemplate */ = {
			isa = PBXGroup;
			children = (
				3DD530AB29D8726400853761 /* Configuration */,
				3DD530AA29D8725900853761 /* Localizations */,
				3DD530A929D8723F00853761 /* SwiftGen */,
				3DD530A829D8720E00853761 /* Resources */,
				3DD5307D29D871F200853761 /* SwiftUITemplateApp.swift */,
				3DD5307F29D871F200853761 /* ContentView.swift */,
				3DD5308329D871F300853761 /* Preview Content */,
			);
			path = SwiftUITemplate;
			sourceTree = "<group>";
		};
		3DD5308329D871F300853761 /* Preview Content */ = {
			isa = PBXGroup;
			children = (
				3DD5308429D871F300853761 /* Preview Assets.xcassets */,
			);
			path = "Preview Content";
			sourceTree = "<group>";
		};
		3DD5308D29D871F300853761 /* SwiftUITemplateTests */ = {
			isa = PBXGroup;
			children = (
				3DD5308E29D871F300853761 /* SwiftUITemplateTests.swift */,
			);
			path = SwiftUITemplateTests;
			sourceTree = "<group>";
		};
		3DD5309729D871F300853761 /* SwiftUITemplateUITests */ = {
			isa = PBXGroup;
			children = (
				3DD5309829D871F300853761 /* SwiftUITemplateUITests.swift */,
				3DD5309A29D871F300853761 /* SwiftUITemplateUITestsLaunchTests.swift */,
			);
			path = SwiftUITemplateUITests;
			sourceTree = "<group>";
		};
		3DD530A829D8720E00853761 /* Resources */ = {
			isa = PBXGroup;
			children = (
				3DD5308129D871F300853761 /* Assets.xcassets */,
			);
			path = Resources;
			sourceTree = "<group>";
		};
		3DD530A929D8723F00853761 /* SwiftGen */ = {
			isa = PBXGroup;
			children = (
				3DD530B929D8766E00853761 /* Generated */,
				3DD530BC29D8766E00853761 /* Templates */,
			);
			path = SwiftGen;
			sourceTree = "<group>";
		};
		3DD530AA29D8725900853761 /* Localizations */ = {
			isa = PBXGroup;
			children = (
				3DD530B329D8740200853761 /* Localizable.strings */,
			);
			path = Localizations;
			sourceTree = "<group>";
		};
		3DD530AB29D8726400853761 /* Configuration */ = {
			isa = PBXGroup;
			children = (
				3DD530CF29D8783B00853761 /* .gitignore */,
				3DD530CB29D8782A00853761 /* .swiftlint.yml */,
				3DD530AC29D8734500853761 /* prebuild.sh */,
			);
			path = Configuration;
			sourceTree = "<group>";
		};
		3DD530B929D8766E00853761 /* Generated */ = {
			isa = PBXGroup;
			children = (
				3DD530BA29D8766E00853761 /* Strings.swift */,
				3DD530BB29D8766E00853761 /* Assets.swift */,
			);
			path = Generated;
			sourceTree = "<group>";
		};
		3DD530BC29D8766E00853761 /* Templates */ = {
			isa = PBXGroup;
			children = (
				3DD530BD29D8766E00853761 /* Assets.stencil */,
				3DD530BE29D8766E00853761 /* Strings.stencil */,
			);
			path = Templates;
			sourceTree = "<group>";
		};
/* End PBXGroup section */

/* Begin PBXNativeTarget section */
		3DD5307929D871F200853761 /* SwiftUITemplate */ = {
			isa = PBXNativeTarget;
			buildConfigurationList = 3DD5309E29D871F300853761 /* Build configuration list for PBXNativeTarget "SwiftUITemplate" */;
			buildPhases = (
				3DD5307629D871F200853761 /* Sources */,
				3DD5307729D871F200853761 /* Frameworks */,
				3DD5307829D871F200853761 /* Resources */,
				3DD530AE29D8737000853761 /* SwiftLint */,
			);
			buildRules = (
			);
			dependencies = (
			);
			name = SwiftUITemplate;
			productName = SwiftUITemplate;
			productReference = 3DD5307A29D871F200853761 /* SwiftUITemplate.app */;
			productType = "com.apple.product-type.application";
		};
		3DD5308929D871F300853761 /* SwiftUITemplateTests */ = {
			isa = PBXNativeTarget;
			buildConfigurationList = 3DD530A129D871F300853761 /* Build configuration list for PBXNativeTarget "SwiftUITemplateTests" */;
			buildPhases = (
				3DD5308629D871F300853761 /* Sources */,
				3DD5308729D871F300853761 /* Frameworks */,
				3DD5308829D871F300853761 /* Resources */,
			);
			buildRules = (
			);
			dependencies = (
				3DD5308C29D871F300853761 /* PBXTargetDependency */,
			);
			name = SwiftUITemplateTests;
			productName = SwiftUITemplateTests;
			productReference = 3DD5308A29D871F300853761 /* SwiftUITemplateTests.xctest */;
			productType = "com.apple.product-type.bundle.unit-test";
		};
		3DD5309329D871F300853761 /* SwiftUITemplateUITests */ = {
			isa = PBXNativeTarget;
			buildConfigurationList = 3DD530A429D871F300853761 /* Build configuration list for PBXNativeTarget "SwiftUITemplateUITests" */;
			buildPhases = (
				3DD5309029D871F300853761 /* Sources */,
				3DD5309129D871F300853761 /* Frameworks */,
				3DD5309229D871F300853761 /* Resources */,
			);
			buildRules = (
			);
			dependencies = (
				3DD5309629D871F300853761 /* PBXTargetDependency */,
			);
			name = SwiftUITemplateUITests;
			productName = SwiftUITemplateUITests;
			productReference = 3DD5309429D871F300853761 /* SwiftUITemplateUITests.xctest */;
			productType = "com.apple.product-type.bundle.ui-testing";
		};
/* End PBXNativeTarget section */

/* Begin PBXProject section */
		3DD5307229D871F200853761 /* Project object */ = {
			isa = PBXProject;
			attributes = {
				BuildIndependentTargetsInParallel = 1;
				LastSwiftUpdateCheck = 1420;
				LastUpgradeCheck = 1420;
				TargetAttributes = {
					3DD5307929D871F200853761 = {
						CreatedOnToolsVersion = 14.2;
					};
					3DD5308929D871F300853761 = {
						CreatedOnToolsVersion = 14.2;
						TestTargetID = 3DD5307929D871F200853761;
					};
					3DD5309329D871F300853761 = {
						CreatedOnToolsVersion = 14.2;
						TestTargetID = 3DD5307929D871F200853761;
					};
				};
			};
			buildConfigurationList = 3DD5307529D871F200853761 /* Build configuration list for PBXProject "SwiftUITemplate" */;
			compatibilityVersion = "Xcode 14.0";
			developmentRegion = en;
			hasScannedForEncodings = 0;
			knownRegions = (
				en,
				Base,
				pl,
			);
			mainGroup = 3DD5307129D871F200853761;
			productRefGroup = 3DD5307B29D871F200853761 /* Products */;
			projectDirPath = "";
			projectRoot = "";
			targets = (
				3DD5307929D871F200853761 /* SwiftUITemplate */,
				3DD5308929D871F300853761 /* SwiftUITemplateTests */,
				3DD5309329D871F300853761 /* SwiftUITemplateUITests */,
			);
		};
/* End PBXProject section */

/* Begin PBXResourcesBuildPhase section */
		3DD5307829D871F200853761 /* Resources */ = {
			isa = PBXResourcesBuildPhase;
			buildActionMask = 2147483647;
			files = (
				3DD530D029D8783B00853761 /* .gitignore in Resources */,
				3DD5308529D871F300853761 /* Preview Assets.xcassets in Resources */,
				3DD530B129D8740200853761 /* Localizable.strings in Resources */,
				3DD530AD29D8734500853761 /* prebuild.sh in Resources */,
				3DD530CC29D8782A00853761 /* .swiftlint.yml in Resources */,
				3DD530C529D8766E00853761 /* Assets.stencil in Resources */,
				3DD5308229D871F300853761 /* Assets.xcassets in Resources */,
				3DD530C829D8766E00853761 /* Strings.stencil in Resources */,
			);
			runOnlyForDeploymentPostprocessing = 0;
		};
		3DD5308829D871F300853761 /* Resources */ = {
			isa = PBXResourcesBuildPhase;
			buildActionMask = 2147483647;
			files = (
				3DD530D129D8783B00853761 /* .gitignore in Resources */,
				3DD530CD29D8782A00853761 /* .swiftlint.yml in Resources */,
				3DD530C629D8766E00853761 /* Assets.stencil in Resources */,
				3DD530C929D8766E00853761 /* Strings.stencil in Resources */,
			);
			runOnlyForDeploymentPostprocessing = 0;
		};
		3DD5309229D871F300853761 /* Resources */ = {
			isa = PBXResourcesBuildPhase;
			buildActionMask = 2147483647;
			files = (
				3DD530D229D8783B00853761 /* .gitignore in Resources */,
				3DD530CE29D8782A00853761 /* .swiftlint.yml in Resources */,
				3DD530C729D8766E00853761 /* Assets.stencil in Resources */,
				3DD530CA29D8766E00853761 /* Strings.stencil in Resources */,
			);
			runOnlyForDeploymentPostprocessing = 0;
		};
/* End PBXResourcesBuildPhase section */

/* Begin PBXShellScriptBuildPhase section */
		3DD530AE29D8737000853761 /* SwiftLint */ = {
			isa = PBXShellScriptBuildPhase;
			alwaysOutOfDate = 1;
			buildActionMask = 2147483647;
			files = (
			);
			inputFileListPaths = (
			);
			inputPaths = (
			);
			name = SwiftLint;
			outputFileListPaths = (
			);
			outputPaths = (
			);
			runOnlyForDeploymentPostprocessing = 0;
			shellPath = /bin/sh;
			shellScript = "# Type a script or drag a script file from your workspace to insert its path.\nexport PATH=\"$PATH:/opt/homebrew/bin\"\nif which swiftlint >/dev/null; then \n    swiftlint\nelse \n    echo \"Swiftlint not installed\"\nfi\n";
		};
/* End PBXShellScriptBuildPhase section */

/* Begin PBXSourcesBuildPhase section */
		3DD5307629D871F200853761 /* Sources */ = {
			isa = PBXSourcesBuildPhase;
			buildActionMask = 2147483647;
			files = (
				3DD5308029D871F200853761 /* ContentView.swift in Sources */,
				3DD530BF29D8766E00853761 /* Strings.swift in Sources */,
				3DD530C229D8766E00853761 /* Assets.swift in Sources */,
				3DD5307E29D871F200853761 /* SwiftUITemplateApp.swift in Sources */,
			);
			runOnlyForDeploymentPostprocessing = 0;
		};
		3DD5308629D871F300853761 /* Sources */ = {
			isa = PBXSourcesBuildPhase;
			buildActionMask = 2147483647;
			files = (
				3DD530C029D8766E00853761 /* Strings.swift in Sources */,
				3DD5308F29D871F300853761 /* SwiftUITemplateTests.swift in Sources */,
				3DD530C329D8766E00853761 /* Assets.swift in Sources */,
			);
			runOnlyForDeploymentPostprocessing = 0;
		};
		3DD5309029D871F300853761 /* Sources */ = {
			isa = PBXSourcesBuildPhase;
			buildActionMask = 2147483647;
			files = (
				3DD5309B29D871F300853761 /* SwiftUITemplateUITestsLaunchTests.swift in Sources */,
				3DD530C129D8766E00853761 /* Strings.swift in Sources */,
				3DD530C429D8766E00853761 /* Assets.swift in Sources */,
				3DD5309929D871F300853761 /* SwiftUITemplateUITests.swift in Sources */,
			);
			runOnlyForDeploymentPostprocessing = 0;
		};
/* End PBXSourcesBuildPhase section */

/* Begin PBXTargetDependency section */
		3DD5308C29D871F300853761 /* PBXTargetDependency */ = {
			isa = PBXTargetDependency;
			target = 3DD5307929D871F200853761 /* SwiftUITemplate */;
			targetProxy = 3DD5308B29D871F300853761 /* PBXContainerItemProxy */;
		};
		3DD5309629D871F300853761 /* PBXTargetDependency */ = {
			isa = PBXTargetDependency;
			target = 3DD5307929D871F200853761 /* SwiftUITemplate */;
			targetProxy = 3DD5309529D871F300853761 /* PBXContainerItemProxy */;
		};
/* End PBXTargetDependency section */

/* Begin PBXVariantGroup section */
		3DD530B329D8740200853761 /* Localizable.strings */ = {
			isa = PBXVariantGroup;
			children = (
				3DD530B229D8740200853761 /* en */,
				3DD530B429D8741200853761 /* pl */,
			);
			name = Localizable.strings;
			sourceTree = "<group>";
		};
/* End PBXVariantGroup section */

/* Begin XCBuildConfiguration section */
		3DD5309C29D871F300853761 /* Debug */ = {
			isa = XCBuildConfiguration;
			buildSettings = {
				ALWAYS_SEARCH_USER_PATHS = NO;
				CLANG_ANALYZER_LOCALIZABILITY_NONLOCALIZED = YES;
				CLANG_ANALYZER_NONNULL = YES;
				CLANG_ANALYZER_NUMBER_OBJECT_CONVERSION = YES_AGGRESSIVE;
				CLANG_CXX_LANGUAGE_STANDARD = "gnu++20";
				CLANG_ENABLE_MODULES = YES;
				CLANG_ENABLE_OBJC_ARC = YES;
				CLANG_ENABLE_OBJC_WEAK = YES;
				CLANG_WARN_BLOCK_CAPTURE_AUTORELEASING = YES;
				CLANG_WARN_BOOL_CONVERSION = YES;
				CLANG_WARN_COMMA = YES;
				CLANG_WARN_CONSTANT_CONVERSION = YES;
				CLANG_WARN_DEPRECATED_OBJC_IMPLEMENTATIONS = YES;
				CLANG_WARN_DIRECT_OBJC_ISA_USAGE = YES_ERROR;
				CLANG_WARN_DOCUMENTATION_COMMENTS = YES;
				CLANG_WARN_EMPTY_BODY = YES;
				CLANG_WARN_ENUM_CONVERSION = YES;
				CLANG_WARN_INFINITE_RECURSION = YES;
				CLANG_WARN_INT_CONVERSION = YES;
				CLANG_WARN_NON_LITERAL_NULL_CONVERSION = YES;
				CLANG_WARN_OBJC_IMPLICIT_RETAIN_SELF = YES;
				CLANG_WARN_OBJC_LITERAL_CONVERSION = YES;
				CLANG_WARN_OBJC_ROOT_CLASS = YES_ERROR;
				CLANG_WARN_QUOTED_INCLUDE_IN_FRAMEWORK_HEADER = YES;
				CLANG_WARN_RANGE_LOOP_ANALYSIS = YES;
				CLANG_WARN_STRICT_PROTOTYPES = YES;
				CLANG_WARN_SUSPICIOUS_MOVE = YES;
				CLANG_WARN_UNGUARDED_AVAILABILITY = YES_AGGRESSIVE;
				CLANG_WARN_UNREACHABLE_CODE = YES;
				CLANG_WARN__DUPLICATE_METHOD_MATCH = YES;
				COPY_PHASE_STRIP = NO;
				DEBUG_INFORMATION_FORMAT = dwarf;
				ENABLE_STRICT_OBJC_MSGSEND = YES;
				ENABLE_TESTABILITY = YES;
				GCC_C_LANGUAGE_STANDARD = gnu11;
				GCC_DYNAMIC_NO_PIC = NO;
				GCC_NO_COMMON_BLOCKS = YES;
				GCC_OPTIMIZATION_LEVEL = 0;
				GCC_PREPROCESSOR_DEFINITIONS = (
					"DEBUG=1",
					"$(inherited)",
				);
				GCC_WARN_64_TO_32_BIT_CONVERSION = YES;
				GCC_WARN_ABOUT_RETURN_TYPE = YES_ERROR;
				GCC_WARN_UNDECLARED_SELECTOR = YES;
				GCC_WARN_UNINITIALIZED_AUTOS = YES_AGGRESSIVE;
				GCC_WARN_UNUSED_FUNCTION = YES;
				GCC_WARN_UNUSED_VARIABLE = YES;
				IPHONEOS_DEPLOYMENT_TARGET = 16.2;
				MTL_ENABLE_DEBUG_INFO = INCLUDE_SOURCE;
				MTL_FAST_MATH = YES;
				ONLY_ACTIVE_ARCH = YES;
				SDKROOT = iphoneos;
				SWIFT_ACTIVE_COMPILATION_CONDITIONS = DEBUG;
				SWIFT_OPTIMIZATION_LEVEL = "-Onone";
			};
			name = Debug;
		};
		3DD5309D29D871F300853761 /* Release */ = {
			isa = XCBuildConfiguration;
			buildSettings = {
				ALWAYS_SEARCH_USER_PATHS = NO;
				CLANG_ANALYZER_LOCALIZABILITY_NONLOCALIZED = YES;
				CLANG_ANALYZER_NONNULL = YES;
				CLANG_ANALYZER_NUMBER_OBJECT_CONVERSION = YES_AGGRESSIVE;
				CLANG_CXX_LANGUAGE_STANDARD = "gnu++20";
				CLANG_ENABLE_MODULES = YES;
				CLANG_ENABLE_OBJC_ARC = YES;
				CLANG_ENABLE_OBJC_WEAK = YES;
				CLANG_WARN_BLOCK_CAPTURE_AUTORELEASING = YES;
				CLANG_WARN_BOOL_CONVERSION = YES;
				CLANG_WARN_COMMA = YES;
				CLANG_WARN_CONSTANT_CONVERSION = YES;
				CLANG_WARN_DEPRECATED_OBJC_IMPLEMENTATIONS = YES;
				CLANG_WARN_DIRECT_OBJC_ISA_USAGE = YES_ERROR;
				CLANG_WARN_DOCUMENTATION_COMMENTS = YES;
				CLANG_WARN_EMPTY_BODY = YES;
				CLANG_WARN_ENUM_CONVERSION = YES;
				CLANG_WARN_INFINITE_RECURSION = YES;
				CLANG_WARN_INT_CONVERSION = YES;
				CLANG_WARN_NON_LITERAL_NULL_CONVERSION = YES;
				CLANG_WARN_OBJC_IMPLICIT_RETAIN_SELF = YES;
				CLANG_WARN_OBJC_LITERAL_CONVERSION = YES;
				CLANG_WARN_OBJC_ROOT_CLASS = YES_ERROR;
				CLANG_WARN_QUOTED_INCLUDE_IN_FRAMEWORK_HEADER = YES;
				CLANG_WARN_RANGE_LOOP_ANALYSIS = YES;
				CLANG_WARN_STRICT_PROTOTYPES = YES;
				CLANG_WARN_SUSPICIOUS_MOVE = YES;
				CLANG_WARN_UNGUARDED_AVAILABILITY = YES_AGGRESSIVE;
				CLANG_WARN_UNREACHABLE_CODE = YES;
				CLANG_WARN__DUPLICATE_METHOD_MATCH = YES;
				COPY_PHASE_STRIP = NO;
				DEBUG_INFORMATION_FORMAT = "dwarf-with-dsym";
				ENABLE_NS_ASSERTIONS = NO;
				ENABLE_STRICT_OBJC_MSGSEND = YES;
				GCC_C_LANGUAGE_STANDARD = gnu11;
				GCC_NO_COMMON_BLOCKS = YES;
				GCC_WARN_64_TO_32_BIT_CONVERSION = YES;
				GCC_WARN_ABOUT_RETURN_TYPE = YES_ERROR;
				GCC_WARN_UNDECLARED_SELECTOR = YES;
				GCC_WARN_UNINITIALIZED_AUTOS = YES_AGGRESSIVE;
				GCC_WARN_UNUSED_FUNCTION = YES;
				GCC_WARN_UNUSED_VARIABLE = YES;
				IPHONEOS_DEPLOYMENT_TARGET = 16.2;
				MTL_ENABLE_DEBUG_INFO = NO;
				MTL_FAST_MATH = YES;
				SDKROOT = iphoneos;
				SWIFT_COMPILATION_MODE = wholemodule;
				SWIFT_OPTIMIZATION_LEVEL = "-O";
				VALIDATE_PRODUCT = YES;
			};
			name = Release;
		};
		3DD5309F29D871F300853761 /* Debug */ = {
			isa = XCBuildConfiguration;
			buildSettings = {
				ASSETCATALOG_COMPILER_APPICON_NAME = AppIcon;
				ASSETCATALOG_COMPILER_GLOBAL_ACCENT_COLOR_NAME = AccentColor;
				CODE_SIGN_STYLE = Automatic;
				CURRENT_PROJECT_VERSION = 1;
				DEVELOPMENT_ASSET_PATHS = "\"SwiftUITemplate/Preview Content\"";
				DEVELOPMENT_TEAM = 7HUC4265N2;
				ENABLE_PREVIEWS = YES;
				GENERATE_INFOPLIST_FILE = YES;
				INFOPLIST_KEY_UIApplicationSceneManifest_Generation = YES;
				INFOPLIST_KEY_UIApplicationSupportsIndirectInputEvents = YES;
				INFOPLIST_KEY_UILaunchScreen_Generation = YES;
				INFOPLIST_KEY_UISupportedInterfaceOrientations_iPad = "UIInterfaceOrientationPortrait UIInterfaceOrientationPortraitUpsideDown UIInterfaceOrientationLandscapeLeft UIInterfaceOrientationLandscapeRight";
				INFOPLIST_KEY_UISupportedInterfaceOrientations_iPhone = "UIInterfaceOrientationPortrait UIInterfaceOrientationLandscapeLeft UIInterfaceOrientationLandscapeRight";
				LD_RUNPATH_SEARCH_PATHS = (
					"$(inherited)",
					"@executable_path/Frameworks",
				);
				MARKETING_VERSION = 1.0;
				PRODUCT_BUNDLE_IDENTIFIER = "com.patryk-jastrzebski.SwiftUITemplate";
				PRODUCT_NAME = "$(TARGET_NAME)";
				SWIFT_EMIT_LOC_STRINGS = YES;
				SWIFT_VERSION = 5.0;
				TARGETED_DEVICE_FAMILY = "1,2";
			};
			name = Debug;
		};
		3DD530A029D871F300853761 /* Release */ = {
			isa = XCBuildConfiguration;
			buildSettings = {
				ASSETCATALOG_COMPILER_APPICON_NAME = AppIcon;
				ASSETCATALOG_COMPILER_GLOBAL_ACCENT_COLOR_NAME = AccentColor;
				CODE_SIGN_STYLE = Automatic;
				CURRENT_PROJECT_VERSION = 1;
				DEVELOPMENT_ASSET_PATHS = "\"SwiftUITemplate/Preview Content\"";
				DEVELOPMENT_TEAM = 7HUC4265N2;
				ENABLE_PREVIEWS = YES;
				GENERATE_INFOPLIST_FILE = YES;
				INFOPLIST_KEY_UIApplicationSceneManifest_Generation = YES;
				INFOPLIST_KEY_UIApplicationSupportsIndirectInputEvents = YES;
				INFOPLIST_KEY_UILaunchScreen_Generation = YES;
				INFOPLIST_KEY_UISupportedInterfaceOrientations_iPad = "UIInterfaceOrientationPortrait UIInterfaceOrientationPortraitUpsideDown UIInterfaceOrientationLandscapeLeft UIInterfaceOrientationLandscapeRight";
				INFOPLIST_KEY_UISupportedInterfaceOrientations_iPhone = "UIInterfaceOrientationPortrait UIInterfaceOrientationLandscapeLeft UIInterfaceOrientationLandscapeRight";
				LD_RUNPATH_SEARCH_PATHS = (
					"$(inherited)",
					"@executable_path/Frameworks",
				);
				MARKETING_VERSION = 1.0;
				PRODUCT_BUNDLE_IDENTIFIER = "com.patryk-jastrzebski.SwiftUITemplate";
				PRODUCT_NAME = "$(TARGET_NAME)";
				SWIFT_EMIT_LOC_STRINGS = YES;
				SWIFT_VERSION = 5.0;
				TARGETED_DEVICE_FAMILY = "1,2";
			};
			name = Release;
		};
		3DD530A229D871F300853761 /* Debug */ = {
			isa = XCBuildConfiguration;
			buildSettings = {
				ALWAYS_EMBED_SWIFT_STANDARD_LIBRARIES = YES;
				BUNDLE_LOADER = "$(TEST_HOST)";
				CODE_SIGN_STYLE = Automatic;
				CURRENT_PROJECT_VERSION = 1;
				DEVELOPMENT_TEAM = 7HUC4265N2;
				GENERATE_INFOPLIST_FILE = YES;
				IPHONEOS_DEPLOYMENT_TARGET = 16.2;
				MARKETING_VERSION = 1.0;
				PRODUCT_BUNDLE_IDENTIFIER = "com.patryk-jastrzebski.SwiftUITemplateTests";
				PRODUCT_NAME = "$(TARGET_NAME)";
				SWIFT_EMIT_LOC_STRINGS = NO;
				SWIFT_VERSION = 5.0;
				TARGETED_DEVICE_FAMILY = "1,2";
				TEST_HOST = "$(BUILT_PRODUCTS_DIR)/SwiftUITemplate.app/$(BUNDLE_EXECUTABLE_FOLDER_PATH)/SwiftUITemplate";
			};
			name = Debug;
		};
		3DD530A329D871F300853761 /* Release */ = {
			isa = XCBuildConfiguration;
			buildSettings = {
				ALWAYS_EMBED_SWIFT_STANDARD_LIBRARIES = YES;
				BUNDLE_LOADER = "$(TEST_HOST)";
				CODE_SIGN_STYLE = Automatic;
				CURRENT_PROJECT_VERSION = 1;
				DEVELOPMENT_TEAM = 7HUC4265N2;
				GENERATE_INFOPLIST_FILE = YES;
				IPHONEOS_DEPLOYMENT_TARGET = 16.2;
				MARKETING_VERSION = 1.0;
				PRODUCT_BUNDLE_IDENTIFIER = "com.patryk-jastrzebski.SwiftUITemplateTests";
				PRODUCT_NAME = "$(TARGET_NAME)";
				SWIFT_EMIT_LOC_STRINGS = NO;
				SWIFT_VERSION = 5.0;
				TARGETED_DEVICE_FAMILY = "1,2";
				TEST_HOST = "$(BUILT_PRODUCTS_DIR)/SwiftUITemplate.app/$(BUNDLE_EXECUTABLE_FOLDER_PATH)/SwiftUITemplate";
			};
			name = Release;
		};
		3DD530A529D871F300853761 /* Debug */ = {
			isa = XCBuildConfiguration;
			buildSettings = {
				ALWAYS_EMBED_SWIFT_STANDARD_LIBRARIES = YES;
				CODE_SIGN_STYLE = Automatic;
				CURRENT_PROJECT_VERSION = 1;
				DEVELOPMENT_TEAM = 7HUC4265N2;
				GENERATE_INFOPLIST_FILE = YES;
				MARKETING_VERSION = 1.0;
				PRODUCT_BUNDLE_IDENTIFIER = "com.patryk-jastrzebski.SwiftUITemplateUITests";
				PRODUCT_NAME = "$(TARGET_NAME)";
				SWIFT_EMIT_LOC_STRINGS = NO;
				SWIFT_VERSION = 5.0;
				TARGETED_DEVICE_FAMILY = "1,2";
				TEST_TARGET_NAME = SwiftUITemplate;
			};
			name = Debug;
		};
		3DD530A629D871F300853761 /* Release */ = {
			isa = XCBuildConfiguration;
			buildSettings = {
				ALWAYS_EMBED_SWIFT_STANDARD_LIBRARIES = YES;
				CODE_SIGN_STYLE = Automatic;
				CURRENT_PROJECT_VERSION = 1;
				DEVELOPMENT_TEAM = 7HUC4265N2;
				GENERATE_INFOPLIST_FILE = YES;
				MARKETING_VERSION = 1.0;
				PRODUCT_BUNDLE_IDENTIFIER = "com.patryk-jastrzebski.SwiftUITemplateUITests";
				PRODUCT_NAME = "$(TARGET_NAME)";
				SWIFT_EMIT_LOC_STRINGS = NO;
				SWIFT_VERSION = 5.0;
				TARGETED_DEVICE_FAMILY = "1,2";
				TEST_TARGET_NAME = SwiftUITemplate;
			};
			name = Release;
		};
/* End XCBuildConfiguration section */

/* Begin XCConfigurationList section */
		3DD5307529D871F200853761 /* Build configuration list for PBXProject "SwiftUITemplate" */ = {
			isa = XCConfigurationList;
			buildConfigurations = (
				3DD5309C29D871F300853761 /* Debug */,
				3DD5309D29D871F300853761 /* Release */,
			);
			defaultConfigurationIsVisible = 0;
			defaultConfigurationName = Release;
		};
		3DD5309E29D871F300853761 /* Build configuration list for PBXNativeTarget "SwiftUITemplate" */ = {
			isa = XCConfigurationList;
			buildConfigurations = (
				3DD5309F29D871F300853761 /* Debug */,
				3DD530A029D871F300853761 /* Release */,
			);
			defaultConfigurationIsVisible = 0;
			defaultConfigurationName = Release;
		};
		3DD530A129D871F300853761 /* Build configuration list for PBXNativeTarget "SwiftUITemplateTests" */ = {
			isa = XCConfigurationList;
			buildConfigurations = (
				3DD530A229D871F300853761 /* Debug */,
				3DD530A329D871F300853761 /* Release */,
			);
			defaultConfigurationIsVisible = 0;
			defaultConfigurationName = Release;
		};
		3DD530A429D871F300853761 /* Build configuration list for PBXNativeTarget "SwiftUITemplateUITests" */ = {
			isa = XCConfigurationList;
			buildConfigurations = (
				3DD530A529D871F300853761 /* Debug */,
				3DD530A629D871F300853761 /* Release */,
			);
			defaultConfigurationIsVisible = 0;
			defaultConfigurationName = Release;
		};
/* End XCConfigurationList section */
	};
	rootObject = 3DD5307229D871F200853761 /* Project object */;
}
